
Microsoft Visual Studio Solution File, Format Version 12.00
# Visual Studio Version 17
VisualStudioVersion = 17.3.32811.315
MinimumVisualStudioVersion = 10.0.40219.1
Project("{FAE04EC0-301F-11D3-BF4B-00C04F79EFBC}") = "outouttingdata into different file paths", "outouttingdata into different file paths\outouttingdata into different file paths.csproj", "{DE57B764-7E8A-4BA4-B422-3D73B0D9396E}"
EndProject
Global
	GlobalSection(SolutionConfigurationPlatforms) = preSolution
		Debug|Any CPU = Debug|Any CPU
		Release|Any CPU = Release|Any CPU
	EndGlobalSection
	GlobalSection(ProjectConfigurationPlatforms) = postSolution
		{DE57B764-7E8A-4BA4-B422-3D73B0D9396E}.Debug|Any CPU.ActiveCfg = Debug|Any CPU
		{DE57B764-7E8A-4BA4-B422-3D73B0D9396E}.Debug|Any CPU.Build.0 = Debug|Any CPU
		{DE57B764-7E8A-4BA4-B422-3D73B0D9396E}.Release|Any CPU.ActiveCfg = Release|Any CPU
		{DE57B764-7E8A-4BA4-B422-3D73B0D9396E}.Release|Any CPU.Build.0 = Release|Any CPU
	EndGlobalSection
	GlobalSection(SolutionProperties) = preSolution
		HideSolutionNode = FALSE
	EndGlobalSection
	GlobalSection(ExtensibilityGlobals) = postSolution
		SolutionGuid = {54AFE6A7-4C32-42E0-B7E3-CD857A4A5A43}
	EndGlobalSection
EndGlobal
